
Microsoft Visual Studio Solution File, Format Version 12.00
# Visual Studio Version 17
VisualStudioVersion = 17.0.32126.317
MinimumVisualStudioVersion = 10.0.40219.1
Project("{FAE04EC0-301F-11D3-BF4B-00C04F79EFBC}") = "Wordle", "Wordle\Wordle.csproj", "{F853622C-0910-4D61-9F9C-BB683FFB412C}"
EndProject
Project("{FAE04EC0-301F-11D3-BF4B-00C04F79EFBC}") = "Wordle.Tests", "Wordle.Tests\Wordle.Tests.csproj", "{5995A220-FA50-4DFE-ABB4-ABBF265E81FB}"
EndProject
Global
	GlobalSection(SolutionConfigurationPlatforms) = preSolution
		Debug|Any CPU = Debug|Any CPU
		Release|Any CPU = Release|Any CPU
	EndGlobalSection
	GlobalSection(ProjectConfigurationPlatforms) = postSolution
		{F853622C-0910-4D61-9F9C-BB683FFB412C}.Debug|Any CPU.ActiveCfg = Debug|Any CPU
		{F853622C-0910-4D61-9F9C-BB683FFB412C}.Debug|Any CPU.Build.0 = Debug|Any CPU
		{F853622C-0910-4D61-9F9C-BB683FFB412C}.Release|Any CPU.ActiveCfg = Release|Any CPU
		{F853622C-0910-4D61-9F9C-BB683FFB412C}.Release|Any CPU.Build.0 = Release|Any CPU
		{5995A220-FA50-4DFE-ABB4-ABBF265E81FB}.Debug|Any CPU.ActiveCfg = Debug|Any CPU
		{5995A220-FA50-4DFE-ABB4-ABBF265E81FB}.Debug|Any CPU.Build.0 = Debug|Any CPU
		{5995A220-FA50-4DFE-ABB4-ABBF265E81FB}.Release|Any CPU.ActiveCfg = Release|Any CPU
		{5995A220-FA50-4DFE-ABB4-ABBF265E81FB}.Release|Any CPU.Build.0 = Release|Any CPU
	EndGlobalSection
	GlobalSection(SolutionProperties) = preSolution
		HideSolutionNode = FALSE
	EndGlobalSection
	GlobalSection(ExtensibilityGlobals) = postSolution
		SolutionGuid = {C36BA7C6-AC96-41B4-812E-BCD237068385}
	EndGlobalSection
EndGlobal
